<Solution>
  <Project Path="InventorySystem.API/InventorySystem.API.csproj" />
  <Project Path="InventorySystem.Application/InventorySystem.Application.csproj" />
  <Project Path="InventorySystem.Domain/InventorySystem.Domain.csproj" />
  <Project Path="InventorySystem.Infrastructure/InventorySystem.Infrastructure.csproj" />
</Solution>
